
Microsoft Visual Studio Solution File, Format Version 12.00
# Visual Studio Version 16
VisualStudioVersion = 16.0.28922.388
MinimumVisualStudioVersion = 10.0.40219.1
Project("{2150E333-8FDC-42A3-9474-1A3956D46DE8}") = "App", "App", "{0EEE3E73-E8BA-4361-B4C5-C4B4120E9163}"
EndProject
Project("{2150E333-8FDC-42A3-9474-1A3956D46DE8}") = "Test", "Test", "{3CF594A2-103B-4309-8933-B0373C1E4101}"
EndProject
Project("{FAE04EC0-301F-11D3-BF4B-00C04F79EFBC}") = "GacExplorer.UI", "App\GacExplorer.UI\GacExplorer.UI.csproj", "{11621624-ACB5-4FBA-BB0B-33DAC4DAE403}"
EndProject
Global
	GlobalSection(SolutionConfigurationPlatforms) = preSolution
		Debug|Any CPU = Debug|Any CPU
		Release|Any CPU = Release|Any CPU
	EndGlobalSection
	GlobalSection(ProjectConfigurationPlatforms) = postSolution
		{11621624-ACB5-4FBA-BB0B-33DAC4DAE403}.Debug|Any CPU.ActiveCfg = Debug|Any CPU
		{11621624-ACB5-4FBA-BB0B-33DAC4DAE403}.Debug|Any CPU.Build.0 = Debug|Any CPU
		{11621624-ACB5-4FBA-BB0B-33DAC4DAE403}.Release|Any CPU.ActiveCfg = Release|Any CPU
		{11621624-ACB5-4FBA-BB0B-33DAC4DAE403}.Release|Any CPU.Build.0 = Release|Any CPU
	EndGlobalSection
	GlobalSection(SolutionProperties) = preSolution
		HideSolutionNode = FALSE
	EndGlobalSection
	GlobalSection(NestedProjects) = preSolution
		{11621624-ACB5-4FBA-BB0B-33DAC4DAE403} = {0EEE3E73-E8BA-4361-B4C5-C4B4120E9163}
	EndGlobalSection
	GlobalSection(ExtensibilityGlobals) = postSolution
		SolutionGuid = {6F8BEC0A-2410-4ECB-80B2-D9B6AA9E8E7D}
	EndGlobalSection
EndGlobal
